
Microsoft Visual Studio Solution File, Format Version 12.00
# Visual Studio 15
VisualStudioVersion = 15.0.27130.2003
MinimumVisualStudioVersion = 10.0.40219.1
Project("{8BC9CEB8-8B4A-11D0-8D11-00A0C91BC942}") = "BCP (dev 14.3)", "BCP (dev 14.3)\BCP (dev 14.3).vcxproj", "{B12F4925-50EE-444B-B3CA-28057DA62558}"
EndProject
Global
	GlobalSection(SolutionConfigurationPlatforms) = preSolution
		Debug|x64 = Debug|x64
		Debug|x86 = Debug|x86
		Release|x64 = Release|x64
		Release|x86 = Release|x86
	EndGlobalSection
	GlobalSection(ProjectConfigurationPlatforms) = postSolution
		{B12F4925-50EE-444B-B3CA-28057DA62558}.Debug|x64.ActiveCfg = Debug|x64
		{B12F4925-50EE-444B-B3CA-28057DA62558}.Debug|x64.Build.0 = Debug|x64
		{B12F4925-50EE-444B-B3CA-28057DA62558}.Debug|x86.ActiveCfg = Debug|Win32
		{B12F4925-50EE-444B-B3CA-28057DA62558}.Debug|x86.Build.0 = Debug|Win32
		{B12F4925-50EE-444B-B3CA-28057DA62558}.Release|x64.ActiveCfg = Release|x64
		{B12F4925-50EE-444B-B3CA-28057DA62558}.Release|x64.Build.0 = Release|x64
		{B12F4925-50EE-444B-B3CA-28057DA62558}.Release|x86.ActiveCfg = Release|Win32
		{B12F4925-50EE-444B-B3CA-28057DA62558}.Release|x86.Build.0 = Release|Win32
	EndGlobalSection
	GlobalSection(SolutionProperties) = preSolution
		HideSolutionNode = FALSE
	EndGlobalSection
	GlobalSection(ExtensibilityGlobals) = postSolution
		SolutionGuid = {A1EE515F-A171-4213-A40D-9EE26A3D41EC}
	EndGlobalSection
EndGlobal
